
Microsoft Visual Studio Solution File, Format Version 12.00
# Visual Studio 15
Project("{FAE04EC0-301F-11D3-BF4B-00C04F79EFBC}") = "Entity_1", "Entity_1.csproj", "{D9F5B1DE-6FC3-B188-6022-4CFB46F43434}"
EndProject
Project("{FAE04EC0-301F-11D3-BF4B-00C04F79EFBC}") = "Entity_1.Editor", "Entity_1.Editor.csproj", "{7E37A9F5-48F3-BDDC-27F1-2A81C8A938CC}"
EndProject
Global
	GlobalSection(SolutionConfigurationPlatforms) = preSolution
		Debug|Any CPU = Debug|Any CPU
		Release|Any CPU = Release|Any CPU
	EndGlobalSection
	GlobalSection(ProjectConfigurationPlatforms) = postSolution
		{D9F5B1DE-6FC3-B188-6022-4CFB46F43434}.Debug|Any CPU.ActiveCfg = Debug|Any CPU
		{D9F5B1DE-6FC3-B188-6022-4CFB46F43434}.Debug|Any CPU.Build.0 = Debug|Any CPU
		{D9F5B1DE-6FC3-B188-6022-4CFB46F43434}.Release|Any CPU.ActiveCfg = Release|Any CPU
		{D9F5B1DE-6FC3-B188-6022-4CFB46F43434}.Release|Any CPU.Build.0 = Release|Any CPU
		{7E37A9F5-48F3-BDDC-27F1-2A81C8A938CC}.Debug|Any CPU.ActiveCfg = Debug|Any CPU
		{7E37A9F5-48F3-BDDC-27F1-2A81C8A938CC}.Debug|Any CPU.Build.0 = Debug|Any CPU
		{7E37A9F5-48F3-BDDC-27F1-2A81C8A938CC}.Release|Any CPU.ActiveCfg = Release|Any CPU
		{7E37A9F5-48F3-BDDC-27F1-2A81C8A938CC}.Release|Any CPU.Build.0 = Release|Any CPU
	EndGlobalSection
	GlobalSection(SolutionProperties) = preSolution
		HideSolutionNode = FALSE
	EndGlobalSection
EndGlobal
